
Microsoft Visual Studio Solution File, Format Version 12.00
# Visual Studio 15
VisualStudioVersion = 15.0.28307.329
MinimumVisualStudioVersion = 10.0.40219.1
Project("{FAE04EC0-301F-11D3-BF4B-00C04F79EFBC}") = "App1Forms.Android", "App1Forms\App1Forms.Android\App1Forms.Android.csproj", "{9585FA4D-5254-4BA3-A420-A256193DB838}"
EndProject
Project("{FAE04EC0-301F-11D3-BF4B-00C04F79EFBC}") = "App1Forms.iOS", "App1Forms\App1Forms.iOS\App1Forms.iOS.csproj", "{DE5B45EF-EB17-4ACB-BE81-593F301538BE}"
EndProject
Project("{FAE04EC0-301F-11D3-BF4B-00C04F79EFBC}") = "App1Forms", "App1Forms\App1Forms\App1Forms.csproj", "{B4A15992-5FD6-4A7C-B480-AD929DE37E36}"
EndProject
Global
	GlobalSection(SolutionConfigurationPlatforms) = preSolution
		Ad-Hoc|Any CPU = Ad-Hoc|Any CPU
		Ad-Hoc|iPhone = Ad-Hoc|iPhone
		Ad-Hoc|iPhoneSimulator = Ad-Hoc|iPhoneSimulator
		AppStore|Any CPU = AppStore|Any CPU
		AppStore|iPhone = AppStore|iPhone
		AppStore|iPhoneSimulator = AppStore|iPhoneSimulator
		Debug|Any CPU = Debug|Any CPU
		Debug|iPhone = Debug|iPhone
		Debug|iPhoneSimulator = Debug|iPhoneSimulator
		Release|Any CPU = Release|Any CPU
		Release|iPhone = Release|iPhone
		Release|iPhoneSimulator = Release|iPhoneSimulator
	EndGlobalSection
	GlobalSection(ProjectConfigurationPlatforms) = postSolution
		{9585FA4D-5254-4BA3-A420-A256193DB838}.Ad-Hoc|Any CPU.ActiveCfg = Release|Any CPU
		{9585FA4D-5254-4BA3-A420-A256193DB838}.Ad-Hoc|Any CPU.Build.0 = Release|Any CPU
		{9585FA4D-5254-4BA3-A420-A256193DB838}.Ad-Hoc|Any CPU.Deploy.0 = Release|Any CPU
		{9585FA4D-5254-4BA3-A420-A256193DB838}.Ad-Hoc|iPhone.ActiveCfg = Release|Any CPU
		{9585FA4D-5254-4BA3-A420-A256193DB838}.Ad-Hoc|iPhone.Build.0 = Release|Any CPU
		{9585FA4D-5254-4BA3-A420-A256193DB838}.Ad-Hoc|iPhone.Deploy.0 = Release|Any CPU
		{9585FA4D-5254-4BA3-A420-A256193DB838}.Ad-Hoc|iPhoneSimulator.ActiveCfg = Release|Any CPU
		{9585FA4D-5254-4BA3-A420-A256193DB838}.Ad-Hoc|iPhoneSimulator.Build.0 = Release|Any CPU
		{9585FA4D-5254-4BA3-A420-A256193DB838}.Ad-Hoc|iPhoneSimulator.Deploy.0 = Release|Any CPU
		{9585FA4D-5254-4BA3-A420-A256193DB838}.AppStore|Any CPU.ActiveCfg = Release|Any CPU
		{9585FA4D-5254-4BA3-A420-A256193DB838}.AppStore|Any CPU.Build.0 = Release|Any CPU
		{9585FA4D-5254-4BA3-A420-A256193DB838}.AppStore|Any CPU.Deploy.0 = Release|Any CPU
		{9585FA4D-5254-4BA3-A420-A256193DB838}.AppStore|iPhone.ActiveCfg = Release|Any CPU
		{9585FA4D-5254-4BA3-A420-A256193DB838}.AppStore|iPhone.Build.0 = Release|Any CPU
		{9585FA4D-5254-4BA3-A420-A256193DB838}.AppStore|iPhone.Deploy.0 = Release|Any CPU
		{9585FA4D-5254-4BA3-A420-A256193DB838}.AppStore|iPhoneSimulator.ActiveCfg = Release|Any CPU
		{9585FA4D-5254-4BA3-A420-A256193DB838}.AppStore|iPhoneSimulator.Build.0 = Release|Any CPU
		{9585FA4D-5254-4BA3-A420-A256193DB838}.AppStore|iPhoneSimulator.Deploy.0 = Release|Any CPU
		{9585FA4D-5254-4BA3-A420-A256193DB838}.Debug|Any CPU.ActiveCfg = Debug|Any CPU
		{9585FA4D-5254-4BA3-A420-A256193DB838}.Debug|Any CPU.Build.0 = Debug|Any CPU
		{9585FA4D-5254-4BA3-A420-A256193DB838}.Debug|Any CPU.Deploy.0 = Debug|Any CPU
		{9585FA4D-5254-4BA3-A420-A256193DB838}.Debug|iPhone.ActiveCfg = Debug|Any CPU
		{9585FA4D-5254-4BA3-A420-A256193DB838}.Debug|iPhone.Build.0 = Debug|Any CPU
		{9585FA4D-5254-4BA3-A420-A256193DB838}.Debug|iPhone.Deploy.0 = Debug|Any CPU
		{9585FA4D-5254-4BA3-A420-A256193DB838}.Debug|iPhoneSimulator.ActiveCfg = Debug|Any CPU
		{9585FA4D-5254-4BA3-A420-A256193DB838}.Debug|iPhoneSimulator.Build.0 = Debug|Any CPU
		{9585FA4D-5254-4BA3-A420-A256193DB838}.Debug|iPhoneSimulator.Deploy.0 = Debug|Any CPU
		{9585FA4D-5254-4BA3-A420-A256193DB838}.Release|Any CPU.ActiveCfg = Release|Any CPU
		{9585FA4D-5254-4BA3-A420-A256193DB838}.Release|Any CPU.Build.0 = Release|Any CPU
		{9585FA4D-5254-4BA3-A420-A256193DB838}.Release|Any CPU.Deploy.0 = Release|Any CPU
		{9585FA4D-5254-4BA3-A420-A256193DB838}.Release|iPhone.ActiveCfg = Release|Any CPU
		{9585FA4D-5254-4BA3-A420-A256193DB838}.Release|iPhone.Build.0 = Release|Any CPU
		{9585FA4D-5254-4BA3-A420-A256193DB838}.Release|iPhone.Deploy.0 = Release|Any CPU
		{9585FA4D-5254-4BA3-A420-A256193DB838}.Release|iPhoneSimulator.ActiveCfg = Release|Any CPU
		{9585FA4D-5254-4BA3-A420-A256193DB838}.Release|iPhoneSimulator.Build.0 = Release|Any CPU
		{9585FA4D-5254-4BA3-A420-A256193DB838}.Release|iPhoneSimulator.Deploy.0 = Release|Any CPU
		{DE5B45EF-EB17-4ACB-BE81-593F301538BE}.Ad-Hoc|Any CPU.ActiveCfg = Ad-Hoc|iPhone
		{DE5B45EF-EB17-4ACB-BE81-593F301538BE}.Ad-Hoc|Any CPU.Build.0 = Ad-Hoc|iPhone
		{DE5B45EF-EB17-4ACB-BE81-593F301538BE}.Ad-Hoc|Any CPU.Deploy.0 = Ad-Hoc|iPhone
		{DE5B45EF-EB17-4ACB-BE81-593F301538BE}.Ad-Hoc|iPhone.ActiveCfg = Ad-Hoc|iPhone
		{DE5B45EF-EB17-4ACB-BE81-593F301538BE}.Ad-Hoc|iPhone.Build.0 = Ad-Hoc|iPhone
		{DE5B45EF-EB17-4ACB-BE81-593F301538BE}.Ad-Hoc|iPhone.Deploy.0 = Ad-Hoc|iPhone
		{DE5B45EF-EB17-4ACB-BE81-593F301538BE}.Ad-Hoc|iPhoneSimulator.ActiveCfg = Ad-Hoc|iPhoneSimulator
		{DE5B45EF-EB17-4ACB-BE81-593F301538BE}.Ad-Hoc|iPhoneSimulator.Build.0 = Ad-Hoc|iPhoneSimulator
		{DE5B45EF-EB17-4ACB-BE81-593F301538BE}.Ad-Hoc|iPhoneSimulator.Deploy.0 = Ad-Hoc|iPhoneSimulator
		{DE5B45EF-EB17-4ACB-BE81-593F301538BE}.AppStore|Any CPU.ActiveCfg = AppStore|iPhone
		{DE5B45EF-EB17-4ACB-BE81-593F301538BE}.AppStore|Any CPU.Build.0 = AppStore|iPhone
		{DE5B45EF-EB17-4ACB-BE81-593F301538BE}.AppStore|Any CPU.Deploy.0 = AppStore|iPhone
		{DE5B45EF-EB17-4ACB-BE81-593F301538BE}.AppStore|iPhone.ActiveCfg = AppStore|iPhone
		{DE5B45EF-EB17-4ACB-BE81-593F301538BE}.AppStore|iPhone.Build.0 = AppStore|iPhone
		{DE5B45EF-EB17-4ACB-BE81-593F301538BE}.AppStore|iPhone.Deploy.0 = AppStore|iPhone
		{DE5B45EF-EB17-4ACB-BE81-593F301538BE}.AppStore|iPhoneSimulator.ActiveCfg = AppStore|iPhoneSimulator
		{DE5B45EF-EB17-4ACB-BE81-593F301538BE}.AppStore|iPhoneSimulator.Build.0 = AppStore|iPhoneSimulator
		{DE5B45EF-EB17-4ACB-BE81-593F301538BE}.AppStore|iPhoneSimulator.Deploy.0 = AppStore|iPhoneSimulator
		{DE5B45EF-EB17-4ACB-BE81-593F301538BE}.Debug|Any CPU.ActiveCfg = Debug|iPhoneSimulator
		{DE5B45EF-EB17-4ACB-BE81-593F301538BE}.Debug|Any CPU.Build.0 = Debug|iPhoneSimulator
		{DE5B45EF-EB17-4ACB-BE81-593F301538BE}.Debug|Any CPU.Deploy.0 = Debug|iPhoneSimulator
		{DE5B45EF-EB17-4ACB-BE81-593F301538BE}.Debug|iPhone.ActiveCfg = Debug|iPhone
		{DE5B45EF-EB17-4ACB-BE81-593F301538BE}.Debug|iPhone.Build.0 = Debug|iPhone
		{DE5B45EF-EB17-4ACB-BE81-593F301538BE}.Debug|iPhone.Deploy.0 = Debug|iPhone
		{DE5B45EF-EB17-4ACB-BE81-593F301538BE}.Debug|iPhoneSimulator.ActiveCfg = Debug|iPhoneSimulator
		{DE5B45EF-EB17-4ACB-BE81-593F301538BE}.Debug|iPhoneSimulator.Build.0 = Debug|iPhoneSimulator
		{DE5B45EF-EB17-4ACB-BE81-593F301538BE}.Debug|iPhoneSimulator.Deploy.0 = Debug|iPhoneSimulator
		{DE5B45EF-EB17-4ACB-BE81-593F301538BE}.Release|Any CPU.ActiveCfg = Release|iPhone
		{DE5B45EF-EB17-4ACB-BE81-593F301538BE}.Release|Any CPU.Build.0 = Release|iPhone
		{DE5B45EF-EB17-4ACB-BE81-593F301538BE}.Release|Any CPU.Deploy.0 = Release|iPhone
		{DE5B45EF-EB17-4ACB-BE81-593F301538BE}.Release|iPhone.ActiveCfg = Release|iPhone
		{DE5B45EF-EB17-4ACB-BE81-593F301538BE}.Release|iPhone.Build.0 = Release|iPhone
		{DE5B45EF-EB17-4ACB-BE81-593F301538BE}.Release|iPhone.Deploy.0 = Release|iPhone
		{DE5B45EF-EB17-4ACB-BE81-593F301538BE}.Release|iPhoneSimulator.ActiveCfg = Release|iPhoneSimulator
		{DE5B45EF-EB17-4ACB-BE81-593F301538BE}.Release|iPhoneSimulator.Build.0 = Release|iPhoneSimulator
		{DE5B45EF-EB17-4ACB-BE81-593F301538BE}.Release|iPhoneSimulator.Deploy.0 = Release|iPhoneSimulator
		{B4A15992-5FD6-4A7C-B480-AD929DE37E36}.Ad-Hoc|Any CPU.ActiveCfg = Debug|Any CPU
		{B4A15992-5FD6-4A7C-B480-AD929DE37E36}.Ad-Hoc|Any CPU.Build.0 = Debug|Any CPU
		{B4A15992-5FD6-4A7C-B480-AD929DE37E36}.Ad-Hoc|Any CPU.Deploy.0 = Debug|Any CPU
		{B4A15992-5FD6-4A7C-B480-AD929DE37E36}.Ad-Hoc|iPhone.ActiveCfg = Debug|Any CPU
		{B4A15992-5FD6-4A7C-B480-AD929DE37E36}.Ad-Hoc|iPhone.Build.0 = Debug|Any CPU
		{B4A15992-5FD6-4A7C-B480-AD929DE37E36}.Ad-Hoc|iPhone.Deploy.0 = Debug|Any CPU
		{B4A15992-5FD6-4A7C-B480-AD929DE37E36}.Ad-Hoc|iPhoneSimulator.ActiveCfg = Debug|Any CPU
		{B4A15992-5FD6-4A7C-B480-AD929DE37E36}.Ad-Hoc|iPhoneSimulator.Build.0 = Debug|Any CPU
		{B4A15992-5FD6-4A7C-B480-AD929DE37E36}.Ad-Hoc|iPhoneSimulator.Deploy.0 = Debug|Any CPU
		{B4A15992-5FD6-4A7C-B480-AD929DE37E36}.AppStore|Any CPU.ActiveCfg = Debug|Any CPU
		{B4A15992-5FD6-4A7C-B480-AD929DE37E36}.AppStore|Any CPU.Build.0 = Debug|Any CPU
		{B4A15992-5FD6-4A7C-B480-AD929DE37E36}.AppStore|Any CPU.Deploy.0 = Debug|Any CPU
		{B4A15992-5FD6-4A7C-B480-AD929DE37E36}.AppStore|iPhone.ActiveCfg = Debug|Any CPU
		{B4A15992-5FD6-4A7C-B480-AD929DE37E36}.AppStore|iPhone.Build.0 = Debug|Any CPU
		{B4A15992-5FD6-4A7C-B480-AD929DE37E36}.AppStore|iPhone.Deploy.0 = Debug|Any CPU
		{B4A15992-5FD6-4A7C-B480-AD929DE37E36}.AppStore|iPhoneSimulator.ActiveCfg = Debug|Any CPU
		{B4A15992-5FD6-4A7C-B480-AD929DE37E36}.AppStore|iPhoneSimulator.Build.0 = Debug|Any CPU
		{B4A15992-5FD6-4A7C-B480-AD929DE37E36}.AppStore|iPhoneSimulator.Deploy.0 = Debug|Any CPU
		{B4A15992-5FD6-4A7C-B480-AD929DE37E36}.Debug|Any CPU.ActiveCfg = Debug|Any CPU
		{B4A15992-5FD6-4A7C-B480-AD929DE37E36}.Debug|Any CPU.Build.0 = Debug|Any CPU
		{B4A15992-5FD6-4A7C-B480-AD929DE37E36}.Debug|Any CPU.Deploy.0 = Debug|Any CPU
		{B4A15992-5FD6-4A7C-B480-AD929DE37E36}.Debug|iPhone.ActiveCfg = Debug|Any CPU
		{B4A15992-5FD6-4A7C-B480-AD929DE37E36}.Debug|iPhone.Build.0 = Debug|Any CPU
		{B4A15992-5FD6-4A7C-B480-AD929DE37E36}.Debug|iPhone.Deploy.0 = Debug|Any CPU
		{B4A15992-5FD6-4A7C-B480-AD929DE37E36}.Debug|iPhoneSimulator.ActiveCfg = Debug|Any CPU
		{B4A15992-5FD6-4A7C-B480-AD929DE37E36}.Debug|iPhoneSimulator.Build.0 = Debug|Any CPU
		{B4A15992-5FD6-4A7C-B480-AD929DE37E36}.Debug|iPhoneSimulator.Deploy.0 = Debug|Any CPU
		{B4A15992-5FD6-4A7C-B480-AD929DE37E36}.Release|Any CPU.ActiveCfg = Release|Any CPU
		{B4A15992-5FD6-4A7C-B480-AD929DE37E36}.Release|Any CPU.Build.0 = Release|Any CPU
		{B4A15992-5FD6-4A7C-B480-AD929DE37E36}.Release|Any CPU.Deploy.0 = Release|Any CPU
		{B4A15992-5FD6-4A7C-B480-AD929DE37E36}.Release|iPhone.ActiveCfg = Release|Any CPU
		{B4A15992-5FD6-4A7C-B480-AD929DE37E36}.Release|iPhone.Build.0 = Release|Any CPU
		{B4A15992-5FD6-4A7C-B480-AD929DE37E36}.Release|iPhone.Deploy.0 = Release|Any CPU
		{B4A15992-5FD6-4A7C-B480-AD929DE37E36}.Release|iPhoneSimulator.ActiveCfg = Release|Any CPU
		{B4A15992-5FD6-4A7C-B480-AD929DE37E36}.Release|iPhoneSimulator.Build.0 = Release|Any CPU
		{B4A15992-5FD6-4A7C-B480-AD929DE37E36}.Release|iPhoneSimulator.Deploy.0 = Release|Any CPU
	EndGlobalSection
	GlobalSection(SolutionProperties) = preSolution
		HideSolutionNode = FALSE
	EndGlobalSection
	GlobalSection(ExtensibilityGlobals) = postSolution
		SolutionGuid = {95B0B184-B75C-4331-BD37-55FD4CCF49DC}
	EndGlobalSection
EndGlobal
